
Microsoft Visual Studio Solution File, Format Version 10.00
# Visual C# Express 2008
Project("{FAE04EC0-301F-11D3-BF4B-00C04F79EFBC}") = "ttbox", "ttbox.csproj", "{8D33A4D4-3B53-4FF2-AB8E-5953BC35DA50}"
EndProject
Global
	GlobalSection(SolutionConfigurationPlatforms) = preSolution
		Debug|Any CPU = Debug|Any CPU
		Release|Any CPU = Release|Any CPU
	EndGlobalSection
	GlobalSection(ProjectConfigurationPlatforms) = postSolution
		{8D33A4D4-3B53-4FF2-AB8E-5953BC35DA50}.Debug|Any CPU.ActiveCfg = Debug|Any CPU
		{8D33A4D4-3B53-4FF2-AB8E-5953BC35DA50}.Debug|Any CPU.Build.0 = Debug|Any CPU
		{8D33A4D4-3B53-4FF2-AB8E-5953BC35DA50}.Release|Any CPU.ActiveCfg = Release|Any CPU
		{8D33A4D4-3B53-4FF2-AB8E-5953BC35DA50}.Release|Any CPU.Build.0 = Release|Any CPU
	EndGlobalSection
	GlobalSection(SolutionProperties) = preSolution
		HideSolutionNode = FALSE
	EndGlobalSection
EndGlobal
